
Microsoft Visual Studio Solution File, Format Version 12.00
# Visual Studio Version 17
VisualStudioVersion = 17.8.34004.107
MinimumVisualStudioVersion = 10.0.40219.1
Project("{FAE04EC0-301F-11D3-BF4B-00C04F79EFBC}") = "BaiThucHanh1", "BaiThucHanh1.csproj", "{8110B1C6-C020-451E-849D-85A096705BE0}"
EndProject
Global
	GlobalSection(SolutionConfigurationPlatforms) = preSolution
		Debug|Any CPU = Debug|Any CPU
		Release|Any CPU = Release|Any CPU
	EndGlobalSection
	GlobalSection(ProjectConfigurationPlatforms) = postSolution
		{8110B1C6-C020-451E-849D-85A096705BE0}.Debug|Any CPU.ActiveCfg = Debug|Any CPU
		{8110B1C6-C020-451E-849D-85A096705BE0}.Debug|Any CPU.Build.0 = Debug|Any CPU
		{8110B1C6-C020-451E-849D-85A096705BE0}.Release|Any CPU.ActiveCfg = Release|Any CPU
		{8110B1C6-C020-451E-849D-85A096705BE0}.Release|Any CPU.Build.0 = Release|Any CPU
	EndGlobalSection
	GlobalSection(SolutionProperties) = preSolution
		HideSolutionNode = FALSE
	EndGlobalSection
	GlobalSection(ExtensibilityGlobals) = postSolution
		SolutionGuid = {1E530E85-15E0-49A0-8307-57744751637D}
	EndGlobalSection
EndGlobal
